
Microsoft Visual Studio Solution File, Format Version 12.00
# Visual Studio Version 17
VisualStudioVersion = 17.7.34024.191
MinimumVisualStudioVersion = 10.0.40219.1
Project("{FAE04EC0-301F-11D3-BF4B-00C04F79EFBC}") = "AstroCurio.Shared", "AstroCurio.Shared\AstroCurio.Shared.csproj", "{78B7AA4C-45F2-4E57-A5F5-DDA19EB5AE96}"
EndProject
Project("{FAE04EC0-301F-11D3-BF4B-00C04F79EFBC}") = "AstroCurio.Api", "AstroCurio.Api\AstroCurio.Api.csproj", "{5C16BDB9-45C0-4A81-8FD5-314C63A03DD0}"
EndProject
Project("{FAE04EC0-301F-11D3-BF4B-00C04F79EFBC}") = "AstroCurio.Web", "AstroCurio.Web\AstroCurio.Web.csproj", "{5A79276F-331C-4975-A3E5-50DFB4263048}"
EndProject
Global
	GlobalSection(SolutionConfigurationPlatforms) = preSolution
		Debug|Any CPU = Debug|Any CPU
		Release|Any CPU = Release|Any CPU
	EndGlobalSection
	GlobalSection(ProjectConfigurationPlatforms) = postSolution
		{78B7AA4C-45F2-4E57-A5F5-DDA19EB5AE96}.Debug|Any CPU.ActiveCfg = Debug|Any CPU
		{78B7AA4C-45F2-4E57-A5F5-DDA19EB5AE96}.Debug|Any CPU.Build.0 = Debug|Any CPU
		{78B7AA4C-45F2-4E57-A5F5-DDA19EB5AE96}.Release|Any CPU.ActiveCfg = Release|Any CPU
		{78B7AA4C-45F2-4E57-A5F5-DDA19EB5AE96}.Release|Any CPU.Build.0 = Release|Any CPU
		{5C16BDB9-45C0-4A81-8FD5-314C63A03DD0}.Debug|Any CPU.ActiveCfg = Debug|Any CPU
		{5C16BDB9-45C0-4A81-8FD5-314C63A03DD0}.Debug|Any CPU.Build.0 = Debug|Any CPU
		{5C16BDB9-45C0-4A81-8FD5-314C63A03DD0}.Release|Any CPU.ActiveCfg = Release|Any CPU
		{5C16BDB9-45C0-4A81-8FD5-314C63A03DD0}.Release|Any CPU.Build.0 = Release|Any CPU
		{5A79276F-331C-4975-A3E5-50DFB4263048}.Debug|Any CPU.ActiveCfg = Debug|Any CPU
		{5A79276F-331C-4975-A3E5-50DFB4263048}.Debug|Any CPU.Build.0 = Debug|Any CPU
		{5A79276F-331C-4975-A3E5-50DFB4263048}.Release|Any CPU.ActiveCfg = Release|Any CPU
		{5A79276F-331C-4975-A3E5-50DFB4263048}.Release|Any CPU.Build.0 = Release|Any CPU
	EndGlobalSection
	GlobalSection(SolutionProperties) = preSolution
		HideSolutionNode = FALSE
	EndGlobalSection
	GlobalSection(ExtensibilityGlobals) = postSolution
		SolutionGuid = {8F136867-C646-4D03-9266-E66D870032A6}
	EndGlobalSection
EndGlobal
